
Microsoft Visual Studio Solution File, Format Version 12.00
# Visual Studio Version 17
VisualStudioVersion = 17.8.34227.203
MinimumVisualStudioVersion = 10.0.40219.1
Project("{FAE04EC0-301F-11D3-BF4B-00C04F79EFBC}") = "Calculator", "Calculator.csproj", "{B8B5E246-3023-47D7-B6AE-FA36373FCC10}"
EndProject
Global
	GlobalSection(SolutionConfigurationPlatforms) = preSolution
		Debug|Any CPU = Debug|Any CPU
		Release|Any CPU = Release|Any CPU
	EndGlobalSection
	GlobalSection(ProjectConfigurationPlatforms) = postSolution
		{B8B5E246-3023-47D7-B6AE-FA36373FCC10}.Debug|Any CPU.ActiveCfg = Debug|Any CPU
		{B8B5E246-3023-47D7-B6AE-FA36373FCC10}.Debug|Any CPU.Build.0 = Debug|Any CPU
		{B8B5E246-3023-47D7-B6AE-FA36373FCC10}.Release|Any CPU.ActiveCfg = Release|Any CPU
		{B8B5E246-3023-47D7-B6AE-FA36373FCC10}.Release|Any CPU.Build.0 = Release|Any CPU
	EndGlobalSection
	GlobalSection(SolutionProperties) = preSolution
		HideSolutionNode = FALSE
	EndGlobalSection
	GlobalSection(ExtensibilityGlobals) = postSolution
		SolutionGuid = {CBD965B1-C898-4E54-AC7D-E34646FC2797}
	EndGlobalSection
EndGlobal
