
Microsoft Visual Studio Solution File, Format Version 12.00
# Visual Studio Version 17
VisualStudioVersion = 17.8.34227.203
MinimumVisualStudioVersion = 10.0.40219.1
Project("{FAE04EC0-301F-11D3-BF4B-00C04F79EFBC}") = "DataGridView", "DataGridView.csproj", "{BD807DE7-7C4E-4E3F-969C-6C6C64F10059}"
EndProject
Global
	GlobalSection(SolutionConfigurationPlatforms) = preSolution
		Debug|Any CPU = Debug|Any CPU
		Release|Any CPU = Release|Any CPU
	EndGlobalSection
	GlobalSection(ProjectConfigurationPlatforms) = postSolution
		{BD807DE7-7C4E-4E3F-969C-6C6C64F10059}.Debug|Any CPU.ActiveCfg = Debug|Any CPU
		{BD807DE7-7C4E-4E3F-969C-6C6C64F10059}.Debug|Any CPU.Build.0 = Debug|Any CPU
		{BD807DE7-7C4E-4E3F-969C-6C6C64F10059}.Release|Any CPU.ActiveCfg = Release|Any CPU
		{BD807DE7-7C4E-4E3F-969C-6C6C64F10059}.Release|Any CPU.Build.0 = Release|Any CPU
	EndGlobalSection
	GlobalSection(SolutionProperties) = preSolution
		HideSolutionNode = FALSE
	EndGlobalSection
	GlobalSection(ExtensibilityGlobals) = postSolution
		SolutionGuid = {596B445F-CBBD-4583-B4A6-889C474C884B}
	EndGlobalSection
EndGlobal
