
Microsoft Visual Studio Solution File, Format Version 12.00
# Visual Studio Version 17
VisualStudioVersion = 17.8.34227.203
MinimumVisualStudioVersion = 10.0.40219.1
Project("{FAE04EC0-301F-11D3-BF4B-00C04F79EFBC}") = "TestForms", "TestForms.csproj", "{B75AE2B3-F76B-4504-9AE7-33709E82939D}"
EndProject
Global
	GlobalSection(SolutionConfigurationPlatforms) = preSolution
		Debug|Any CPU = Debug|Any CPU
		Release|Any CPU = Release|Any CPU
	EndGlobalSection
	GlobalSection(ProjectConfigurationPlatforms) = postSolution
		{B75AE2B3-F76B-4504-9AE7-33709E82939D}.Debug|Any CPU.ActiveCfg = Debug|Any CPU
		{B75AE2B3-F76B-4504-9AE7-33709E82939D}.Debug|Any CPU.Build.0 = Debug|Any CPU
		{B75AE2B3-F76B-4504-9AE7-33709E82939D}.Release|Any CPU.ActiveCfg = Release|Any CPU
		{B75AE2B3-F76B-4504-9AE7-33709E82939D}.Release|Any CPU.Build.0 = Release|Any CPU
	EndGlobalSection
	GlobalSection(SolutionProperties) = preSolution
		HideSolutionNode = FALSE
	EndGlobalSection
	GlobalSection(ExtensibilityGlobals) = postSolution
		SolutionGuid = {FAC8AD23-3372-42C2-B4BA-38187DD9E977}
	EndGlobalSection
EndGlobal
