
Microsoft Visual Studio Solution File, Format Version 12.00
# Visual Studio Version 17
VisualStudioVersion = 17.8.34227.203
MinimumVisualStudioVersion = 10.0.40219.1
Project("{FAE04EC0-301F-11D3-BF4B-00C04F79EFBC}") = "DateTimePicker", "DateTimePicker.csproj", "{CEB8C4C0-59E1-4547-A139-A730D4E4FF15}"
EndProject
Global
	GlobalSection(SolutionConfigurationPlatforms) = preSolution
		Debug|Any CPU = Debug|Any CPU
		Release|Any CPU = Release|Any CPU
	EndGlobalSection
	GlobalSection(ProjectConfigurationPlatforms) = postSolution
		{CEB8C4C0-59E1-4547-A139-A730D4E4FF15}.Debug|Any CPU.ActiveCfg = Debug|Any CPU
		{CEB8C4C0-59E1-4547-A139-A730D4E4FF15}.Debug|Any CPU.Build.0 = Debug|Any CPU
		{CEB8C4C0-59E1-4547-A139-A730D4E4FF15}.Release|Any CPU.ActiveCfg = Release|Any CPU
		{CEB8C4C0-59E1-4547-A139-A730D4E4FF15}.Release|Any CPU.Build.0 = Release|Any CPU
	EndGlobalSection
	GlobalSection(SolutionProperties) = preSolution
		HideSolutionNode = FALSE
	EndGlobalSection
	GlobalSection(ExtensibilityGlobals) = postSolution
		SolutionGuid = {8DCDAE06-9366-48A4-BDBF-A08C2F7D9A37}
	EndGlobalSection
EndGlobal
