
Microsoft Visual Studio Solution File, Format Version 12.00
# Visual Studio Version 17
VisualStudioVersion = 17.8.34227.203
MinimumVisualStudioVersion = 10.0.40219.1
Project("{FAE04EC0-301F-11D3-BF4B-00C04F79EFBC}") = "ErrorProvider", "ErrorProvider.csproj", "{87467758-9463-45E8-96B9-0456C6A89B4F}"
EndProject
Global
	GlobalSection(SolutionConfigurationPlatforms) = preSolution
		Debug|Any CPU = Debug|Any CPU
		Release|Any CPU = Release|Any CPU
	EndGlobalSection
	GlobalSection(ProjectConfigurationPlatforms) = postSolution
		{87467758-9463-45E8-96B9-0456C6A89B4F}.Debug|Any CPU.ActiveCfg = Debug|Any CPU
		{87467758-9463-45E8-96B9-0456C6A89B4F}.Debug|Any CPU.Build.0 = Debug|Any CPU
		{87467758-9463-45E8-96B9-0456C6A89B4F}.Release|Any CPU.ActiveCfg = Release|Any CPU
		{87467758-9463-45E8-96B9-0456C6A89B4F}.Release|Any CPU.Build.0 = Release|Any CPU
	EndGlobalSection
	GlobalSection(SolutionProperties) = preSolution
		HideSolutionNode = FALSE
	EndGlobalSection
	GlobalSection(ExtensibilityGlobals) = postSolution
		SolutionGuid = {8377D8E7-3B5F-4611-833C-90BEDFC81F28}
	EndGlobalSection
EndGlobal
